
Microsoft Visual Studio Solution File, Format Version 12.00
# Visual Studio Version 17
VisualStudioVersion = 17.5.002.0
MinimumVisualStudioVersion = 10.0.40219.1
Project("{2150E333-8FDC-42A3-9474-1A3956D46DE8}") = "csharp-prep", "csharp-prep", "{E14555AD-E2F3-4461-847E-100DD69DD199}"
EndProject
Project("{9A19103F-16F7-4668-BE54-9A1E7A4F7556}") = "Prep1", "csharp-prep\Prep1\Prep1.csproj", "{4DED1C28-22AD-436F-B39B-411256006F15}"
EndProject
Project("{9A19103F-16F7-4668-BE54-9A1E7A4F7556}") = "Prep2", "csharp-prep\Prep2\Prep2.csproj", "{CBCA0543-BDF0-4E24-890D-B2444CDFA6DA}"
EndProject
Project("{9A19103F-16F7-4668-BE54-9A1E7A4F7556}") = "Prep3", "csharp-prep\Prep3\Prep3.csproj", "{FE11CBDC-B1A6-4DF8-BAAB-377EC1064580}"
EndProject
Project("{9A19103F-16F7-4668-BE54-9A1E7A4F7556}") = "Prep4", "csharp-prep\Prep4\Prep4.csproj", "{2F8E9C16-DA0E-4761-BF34-977648889737}"
EndProject
Project("{9A19103F-16F7-4668-BE54-9A1E7A4F7556}") = "Prep5", "csharp-prep\Prep5\Prep5.csproj", "{4C5759A9-C104-4C68-B010-5B4DCC5FAEA8}"
EndProject
Project("{2150E333-8FDC-42A3-9474-1A3956D46DE8}") = "final", "final", "{61904360-7084-4C55-A43A-CBC3C7906016}"
EndProject
Project("{9A19103F-16F7-4668-BE54-9A1E7A4F7556}") = "FinalProject", "final\FinalProject\FinalProject.csproj", "{B2814AC4-30BF-4098-A2E2-5AF5BB7BA040}"
EndProject
Project("{9A19103F-16F7-4668-BE54-9A1E7A4F7556}") = "Foundation1", "final\Foundation1\Foundation1.csproj", "{BC0DD53A-BC1B-4212-9420-F372C497E628}"
EndProject
Project("{9A19103F-16F7-4668-BE54-9A1E7A4F7556}") = "Foundation2", "final\Foundation2\Foundation2.csproj", "{E477B325-53C7-4E24-96FB-CAA21915A8FD}"
EndProject
Project("{9A19103F-16F7-4668-BE54-9A1E7A4F7556}") = "Foundation3", "final\Foundation3\Foundation3.csproj", "{823D1B27-D743-49AB-8A30-CF6615844C52}"
EndProject
Project("{9A19103F-16F7-4668-BE54-9A1E7A4F7556}") = "Foundation4", "final\Foundation4\Foundation4.csproj", "{D761A432-412A-4B3A-8A04-D61F4FA19975}"
EndProject
Project("{2150E333-8FDC-42A3-9474-1A3956D46DE8}") = "prepare", "prepare", "{BE5BC2B7-1F74-416B-8202-498DD9D9CDBD}"
EndProject
Project("{9A19103F-16F7-4668-BE54-9A1E7A4F7556}") = "Learning02", "prepare\Learning02\Learning02.csproj", "{6FE63698-794B-48C0-95E9-E136FBF0CB13}"
EndProject
Project("{9A19103F-16F7-4668-BE54-9A1E7A4F7556}") = "Learning03", "prepare\Learning03\Learning03.csproj", "{58B1FC7E-4B43-4F61-89D5-BDF49A28912E}"
EndProject
Project("{9A19103F-16F7-4668-BE54-9A1E7A4F7556}") = "Learning04", "prepare\Learning04\Learning04.csproj", "{D3BF6D1F-7659-4B72-933A-DCCE9D2E4EBB}"
EndProject
Project("{9A19103F-16F7-4668-BE54-9A1E7A4F7556}") = "Learning05", "prepare\Learning05\Learning05.csproj", "{1783458C-A815-4B68-8D40-AE728A63E599}"
EndProject
Project("{2150E333-8FDC-42A3-9474-1A3956D46DE8}") = "prove", "prove", "{0709AC40-FB5C-47B9-BBB7-3839E6CBD1C4}"
EndProject
Project("{9A19103F-16F7-4668-BE54-9A1E7A4F7556}") = "Develop02", "prove\Develop02\Develop02.csproj", "{8DA38A23-3DED-4A95-AD78-B64B68B46B57}"
EndProject
Project("{9A19103F-16F7-4668-BE54-9A1E7A4F7556}") = "Develop03", "prove\Develop03\Develop03.csproj", "{85FEB38F-C61A-4719-BBD3-6529FE10644E}"
EndProject
Project("{9A19103F-16F7-4668-BE54-9A1E7A4F7556}") = "Develop04", "prove\Develop04\Develop04.csproj", "{4E9F1E66-DF4F-4C51-8FBD-E47CC32ADA59}"
EndProject
Project("{9A19103F-16F7-4668-BE54-9A1E7A4F7556}") = "Develop05", "prove\Develop05\Develop05.csproj", "{812BB639-A455-43C3-94D6-9FAAA63B3229}"
EndProject
Project("{2150E333-8FDC-42A3-9474-1A3956D46DE8}") = "sandbox", "sandbox", "{98B66926-6A9F-4674-BA47-2B86AC33EFAD}"
EndProject
Project("{9A19103F-16F7-4668-BE54-9A1E7A4F7556}") = "Sandbox", "sandbox\Sandbox\Sandbox.csproj", "{9383E44C-7C33-4190-9CB7-7CCBC68074F2}"
EndProject
Global
	GlobalSection(SolutionConfigurationPlatforms) = preSolution
		Debug|Any CPU = Debug|Any CPU
		Release|Any CPU = Release|Any CPU
	EndGlobalSection
	GlobalSection(ProjectConfigurationPlatforms) = postSolution
		{4DED1C28-22AD-436F-B39B-411256006F15}.Debug|Any CPU.ActiveCfg = Debug|Any CPU
		{4DED1C28-22AD-436F-B39B-411256006F15}.Debug|Any CPU.Build.0 = Debug|Any CPU
		{4DED1C28-22AD-436F-B39B-411256006F15}.Release|Any CPU.ActiveCfg = Release|Any CPU
		{4DED1C28-22AD-436F-B39B-411256006F15}.Release|Any CPU.Build.0 = Release|Any CPU
		{CBCA0543-BDF0-4E24-890D-B2444CDFA6DA}.Debug|Any CPU.ActiveCfg = Debug|Any CPU
		{CBCA0543-BDF0-4E24-890D-B2444CDFA6DA}.Debug|Any CPU.Build.0 = Debug|Any CPU
		{CBCA0543-BDF0-4E24-890D-B2444CDFA6DA}.Release|Any CPU.ActiveCfg = Release|Any CPU
		{CBCA0543-BDF0-4E24-890D-B2444CDFA6DA}.Release|Any CPU.Build.0 = Release|Any CPU
		{FE11CBDC-B1A6-4DF8-BAAB-377EC1064580}.Debug|Any CPU.ActiveCfg = Debug|Any CPU
		{FE11CBDC-B1A6-4DF8-BAAB-377EC1064580}.Debug|Any CPU.Build.0 = Debug|Any CPU
		{FE11CBDC-B1A6-4DF8-BAAB-377EC1064580}.Release|Any CPU.ActiveCfg = Release|Any CPU
		{FE11CBDC-B1A6-4DF8-BAAB-377EC1064580}.Release|Any CPU.Build.0 = Release|Any CPU
		{2F8E9C16-DA0E-4761-BF34-977648889737}.Debug|Any CPU.ActiveCfg = Debug|Any CPU
		{2F8E9C16-DA0E-4761-BF34-977648889737}.Debug|Any CPU.Build.0 = Debug|Any CPU
		{2F8E9C16-DA0E-4761-BF34-977648889737}.Release|Any CPU.ActiveCfg = Release|Any CPU
		{2F8E9C16-DA0E-4761-BF34-977648889737}.Release|Any CPU.Build.0 = Release|Any CPU
		{4C5759A9-C104-4C68-B010-5B4DCC5FAEA8}.Debug|Any CPU.ActiveCfg = Debug|Any CPU
		{4C5759A9-C104-4C68-B010-5B4DCC5FAEA8}.Debug|Any CPU.Build.0 = Debug|Any CPU
		{4C5759A9-C104-4C68-B010-5B4DCC5FAEA8}.Release|Any CPU.ActiveCfg = Release|Any CPU
		{4C5759A9-C104-4C68-B010-5B4DCC5FAEA8}.Release|Any CPU.Build.0 = Release|Any CPU
		{B2814AC4-30BF-4098-A2E2-5AF5BB7BA040}.Debug|Any CPU.ActiveCfg = Debug|Any CPU
		{B2814AC4-30BF-4098-A2E2-5AF5BB7BA040}.Debug|Any CPU.Build.0 = Debug|Any CPU
		{B2814AC4-30BF-4098-A2E2-5AF5BB7BA040}.Release|Any CPU.ActiveCfg = Release|Any CPU
		{B2814AC4-30BF-4098-A2E2-5AF5BB7BA040}.Release|Any CPU.Build.0 = Release|Any CPU
		{BC0DD53A-BC1B-4212-9420-F372C497E628}.Debug|Any CPU.ActiveCfg = Debug|Any CPU
		{BC0DD53A-BC1B-4212-9420-F372C497E628}.Debug|Any CPU.Build.0 = Debug|Any CPU
		{BC0DD53A-BC1B-4212-9420-F372C497E628}.Release|Any CPU.ActiveCfg = Release|Any CPU
		{BC0DD53A-BC1B-4212-9420-F372C497E628}.Release|Any CPU.Build.0 = Release|Any CPU
		{E477B325-53C7-4E24-96FB-CAA21915A8FD}.Debug|Any CPU.ActiveCfg = Debug|Any CPU
		{E477B325-53C7-4E24-96FB-CAA21915A8FD}.Debug|Any CPU.Build.0 = Debug|Any CPU
		{E477B325-53C7-4E24-96FB-CAA21915A8FD}.Release|Any CPU.ActiveCfg = Release|Any CPU
		{E477B325-53C7-4E24-96FB-CAA21915A8FD}.Release|Any CPU.Build.0 = Release|Any CPU
		{823D1B27-D743-49AB-8A30-CF6615844C52}.Debug|Any CPU.ActiveCfg = Debug|Any CPU
		{823D1B27-D743-49AB-8A30-CF6615844C52}.Debug|Any CPU.Build.0 = Debug|Any CPU
		{823D1B27-D743-49AB-8A30-CF6615844C52}.Release|Any CPU.ActiveCfg = Release|Any CPU
		{823D1B27-D743-49AB-8A30-CF6615844C52}.Release|Any CPU.Build.0 = Release|Any CPU
		{D761A432-412A-4B3A-8A04-D61F4FA19975}.Debug|Any CPU.ActiveCfg = Debug|Any CPU
		{D761A432-412A-4B3A-8A04-D61F4FA19975}.Debug|Any CPU.Build.0 = Debug|Any CPU
		{D761A432-412A-4B3A-8A04-D61F4FA19975}.Release|Any CPU.ActiveCfg = Release|Any CPU
		{D761A432-412A-4B3A-8A04-D61F4FA19975}.Release|Any CPU.Build.0 = Release|Any CPU
		{6FE63698-794B-48C0-95E9-E136FBF0CB13}.Debug|Any CPU.ActiveCfg = Debug|Any CPU
		{6FE63698-794B-48C0-95E9-E136FBF0CB13}.Debug|Any CPU.Build.0 = Debug|Any CPU
		{6FE63698-794B-48C0-95E9-E136FBF0CB13}.Release|Any CPU.ActiveCfg = Release|Any CPU
		{6FE63698-794B-48C0-95E9-E136FBF0CB13}.Release|Any CPU.Build.0 = Release|Any CPU
		{58B1FC7E-4B43-4F61-89D5-BDF49A28912E}.Debug|Any CPU.ActiveCfg = Debug|Any CPU
		{58B1FC7E-4B43-4F61-89D5-BDF49A28912E}.Debug|Any CPU.Build.0 = Debug|Any CPU
		{58B1FC7E-4B43-4F61-89D5-BDF49A28912E}.Release|Any CPU.ActiveCfg = Release|Any CPU
		{58B1FC7E-4B43-4F61-89D5-BDF49A28912E}.Release|Any CPU.Build.0 = Release|Any CPU
		{D3BF6D1F-7659-4B72-933A-DCCE9D2E4EBB}.Debug|Any CPU.ActiveCfg = Debug|Any CPU
		{D3BF6D1F-7659-4B72-933A-DCCE9D2E4EBB}.Debug|Any CPU.Build.0 = Debug|Any CPU
		{D3BF6D1F-7659-4B72-933A-DCCE9D2E4EBB}.Release|Any CPU.ActiveCfg = Release|Any CPU
		{D3BF6D1F-7659-4B72-933A-DCCE9D2E4EBB}.Release|Any CPU.Build.0 = Release|Any CPU
		{1783458C-A815-4B68-8D40-AE728A63E599}.Debug|Any CPU.ActiveCfg = Debug|Any CPU
		{1783458C-A815-4B68-8D40-AE728A63E599}.Debug|Any CPU.Build.0 = Debug|Any CPU
		{1783458C-A815-4B68-8D40-AE728A63E599}.Release|Any CPU.ActiveCfg = Release|Any CPU
		{1783458C-A815-4B68-8D40-AE728A63E599}.Release|Any CPU.Build.0 = Release|Any CPU
		{8DA38A23-3DED-4A95-AD78-B64B68B46B57}.Debug|Any CPU.ActiveCfg = Debug|Any CPU
		{8DA38A23-3DED-4A95-AD78-B64B68B46B57}.Debug|Any CPU.Build.0 = Debug|Any CPU
		{8DA38A23-3DED-4A95-AD78-B64B68B46B57}.Release|Any CPU.ActiveCfg = Release|Any CPU
		{8DA38A23-3DED-4A95-AD78-B64B68B46B57}.Release|Any CPU.Build.0 = Release|Any CPU
		{85FEB38F-C61A-4719-BBD3-6529FE10644E}.Debug|Any CPU.ActiveCfg = Debug|Any CPU
		{85FEB38F-C61A-4719-BBD3-6529FE10644E}.Debug|Any CPU.Build.0 = Debug|Any CPU
		{85FEB38F-C61A-4719-BBD3-6529FE10644E}.Release|Any CPU.ActiveCfg = Release|Any CPU
		{85FEB38F-C61A-4719-BBD3-6529FE10644E}.Release|Any CPU.Build.0 = Release|Any CPU
		{4E9F1E66-DF4F-4C51-8FBD-E47CC32ADA59}.Debug|Any CPU.ActiveCfg = Debug|Any CPU
		{4E9F1E66-DF4F-4C51-8FBD-E47CC32ADA59}.Debug|Any CPU.Build.0 = Debug|Any CPU
		{4E9F1E66-DF4F-4C51-8FBD-E47CC32ADA59}.Release|Any CPU.ActiveCfg = Release|Any CPU
		{4E9F1E66-DF4F-4C51-8FBD-E47CC32ADA59}.Release|Any CPU.Build.0 = Release|Any CPU
		{812BB639-A455-43C3-94D6-9FAAA63B3229}.Debug|Any CPU.ActiveCfg = Debug|Any CPU
		{812BB639-A455-43C3-94D6-9FAAA63B3229}.Debug|Any CPU.Build.0 = Debug|Any CPU
		{812BB639-A455-43C3-94D6-9FAAA63B3229}.Release|Any CPU.ActiveCfg = Release|Any CPU
		{812BB639-A455-43C3-94D6-9FAAA63B3229}.Release|Any CPU.Build.0 = Release|Any CPU
		{9383E44C-7C33-4190-9CB7-7CCBC68074F2}.Debug|Any CPU.ActiveCfg = Debug|Any CPU
		{9383E44C-7C33-4190-9CB7-7CCBC68074F2}.Debug|Any CPU.Build.0 = Debug|Any CPU
		{9383E44C-7C33-4190-9CB7-7CCBC68074F2}.Release|Any CPU.ActiveCfg = Release|Any CPU
		{9383E44C-7C33-4190-9CB7-7CCBC68074F2}.Release|Any CPU.Build.0 = Release|Any CPU
	EndGlobalSection
	GlobalSection(SolutionProperties) = preSolution
		HideSolutionNode = FALSE
	EndGlobalSection
	GlobalSection(NestedProjects) = preSolution
		{4DED1C28-22AD-436F-B39B-411256006F15} = {E14555AD-E2F3-4461-847E-100DD69DD199}
		{CBCA0543-BDF0-4E24-890D-B2444CDFA6DA} = {E14555AD-E2F3-4461-847E-100DD69DD199}
		{FE11CBDC-B1A6-4DF8-BAAB-377EC1064580} = {E14555AD-E2F3-4461-847E-100DD69DD199}
		{2F8E9C16-DA0E-4761-BF34-977648889737} = {E14555AD-E2F3-4461-847E-100DD69DD199}
		{4C5759A9-C104-4C68-B010-5B4DCC5FAEA8} = {E14555AD-E2F3-4461-847E-100DD69DD199}
		{B2814AC4-30BF-4098-A2E2-5AF5BB7BA040} = {61904360-7084-4C55-A43A-CBC3C7906016}
		{BC0DD53A-BC1B-4212-9420-F372C497E628} = {61904360-7084-4C55-A43A-CBC3C7906016}
		{E477B325-53C7-4E24-96FB-CAA21915A8FD} = {61904360-7084-4C55-A43A-CBC3C7906016}
		{823D1B27-D743-49AB-8A30-CF6615844C52} = {61904360-7084-4C55-A43A-CBC3C7906016}
		{D761A432-412A-4B3A-8A04-D61F4FA19975} = {61904360-7084-4C55-A43A-CBC3C7906016}
		{6FE63698-794B-48C0-95E9-E136FBF0CB13} = {BE5BC2B7-1F74-416B-8202-498DD9D9CDBD}
		{58B1FC7E-4B43-4F61-89D5-BDF49A28912E} = {BE5BC2B7-1F74-416B-8202-498DD9D9CDBD}
		{D3BF6D1F-7659-4B72-933A-DCCE9D2E4EBB} = {BE5BC2B7-1F74-416B-8202-498DD9D9CDBD}
		{1783458C-A815-4B68-8D40-AE728A63E599} = {BE5BC2B7-1F74-416B-8202-498DD9D9CDBD}
		{8DA38A23-3DED-4A95-AD78-B64B68B46B57} = {0709AC40-FB5C-47B9-BBB7-3839E6CBD1C4}
		{85FEB38F-C61A-4719-BBD3-6529FE10644E} = {0709AC40-FB5C-47B9-BBB7-3839E6CBD1C4}
		{4E9F1E66-DF4F-4C51-8FBD-E47CC32ADA59} = {0709AC40-FB5C-47B9-BBB7-3839E6CBD1C4}
		{812BB639-A455-43C3-94D6-9FAAA63B3229} = {0709AC40-FB5C-47B9-BBB7-3839E6CBD1C4}
		{9383E44C-7C33-4190-9CB7-7CCBC68074F2} = {98B66926-6A9F-4674-BA47-2B86AC33EFAD}
	EndGlobalSection
	GlobalSection(ExtensibilityGlobals) = postSolution
		SolutionGuid = {094D83DB-82F7-41E5-A504-F2FC320CD88E}
	EndGlobalSection
EndGlobal
